
Microsoft Visual Studio Solution File, Format Version 12.00
# Visual Studio Version 17
VisualStudioVersion = 17.7.34003.232
MinimumVisualStudioVersion = 10.0.40219.1
Project("{FAE04EC0-301F-11D3-BF4B-00C04F79EFBC}") = "WebApplicationgithub", "WebApplicationgithub\WebApplicationgithub.csproj", "{FBE23E54-81AA-43AD-88A2-993E45E28C1C}"
EndProject
Global
	GlobalSection(SolutionConfigurationPlatforms) = preSolution
		Debug|Any CPU = Debug|Any CPU
		Release|Any CPU = Release|Any CPU
	EndGlobalSection
	GlobalSection(ProjectConfigurationPlatforms) = postSolution
		{FBE23E54-81AA-43AD-88A2-993E45E28C1C}.Debug|Any CPU.ActiveCfg = Debug|Any CPU
		{FBE23E54-81AA-43AD-88A2-993E45E28C1C}.Debug|Any CPU.Build.0 = Debug|Any CPU
		{FBE23E54-81AA-43AD-88A2-993E45E28C1C}.Release|Any CPU.ActiveCfg = Release|Any CPU
		{FBE23E54-81AA-43AD-88A2-993E45E28C1C}.Release|Any CPU.Build.0 = Release|Any CPU
	EndGlobalSection
	GlobalSection(SolutionProperties) = preSolution
		HideSolutionNode = FALSE
	EndGlobalSection
	GlobalSection(ExtensibilityGlobals) = postSolution
		SolutionGuid = {7E6B2644-98B2-4E62-80B8-BC9E028AF1CA}
	EndGlobalSection
EndGlobal
